
Microsoft Visual Studio Solution File, Format Version 12.00
# Visual Studio Version 16
VisualStudioVersion = 16.0.30804.86
MinimumVisualStudioVersion = 10.0.40219.1
Project("{FAE04EC0-301F-11D3-BF4B-00C04F79EFBC}") = "TiendaVirtual", "TiendaVirtual\TiendaVirtual.csproj", "{CE04A386-FBF8-4BAC-95A5-B4044DA0AF7A}"
EndProject
Global
	GlobalSection(SolutionConfigurationPlatforms) = preSolution
		Debug|Any CPU = Debug|Any CPU
		Release|Any CPU = Release|Any CPU
	EndGlobalSection
	GlobalSection(ProjectConfigurationPlatforms) = postSolution
		{CE04A386-FBF8-4BAC-95A5-B4044DA0AF7A}.Debug|Any CPU.ActiveCfg = Debug|Any CPU
		{CE04A386-FBF8-4BAC-95A5-B4044DA0AF7A}.Debug|Any CPU.Build.0 = Debug|Any CPU
		{CE04A386-FBF8-4BAC-95A5-B4044DA0AF7A}.Release|Any CPU.ActiveCfg = Release|Any CPU
		{CE04A386-FBF8-4BAC-95A5-B4044DA0AF7A}.Release|Any CPU.Build.0 = Release|Any CPU
	EndGlobalSection
	GlobalSection(SolutionProperties) = preSolution
		HideSolutionNode = FALSE
	EndGlobalSection
	GlobalSection(ExtensibilityGlobals) = postSolution
		SolutionGuid = {C691F499-EE06-4770-8754-2726B1189A5F}
	EndGlobalSection
EndGlobal
